// !$*UTF8*$!
{
	archiveVersion = 1;
	classes = {
	};
	objectVersion = 50;
	objects = {

/* Begin PBXBuildFile section */
		650508FB213A82E900D94AC7 /* AppDelegate.swift in Sources */ = {isa = PBXBuildFile; fileRef = 650508FA213A82E900D94AC7 /* AppDelegate.swift */; };
		650508FD213A82E900D94AC7 /* ViewController.swift in Sources */ = {isa = PBXBuildFile; fileRef = 650508FC213A82E900D94AC7 /* ViewController.swift */; };
		65050900213A82E900D94AC7 /* Main.storyboard in Resources */ = {isa = PBXBuildFile; fileRef = 650508FE213A82E900D94AC7 /* Main.storyboard */; };
		65050902213A82EA00D94AC7 /* Assets.xcassets in Resources */ = {isa = PBXBuildFile; fileRef = 65050901213A82EA00D94AC7 /* Assets.xcassets */; };
		65050905213A82EA00D94AC7 /* LaunchScreen.storyboard in Resources */ = {isa = PBXBuildFile; fileRef = 65050903213A82EA00D94AC7 /* LaunchScreen.storyboard */; };
		65050910213A82EA00D94AC7 /* ChatappTests.swift in Sources */ = {isa = PBXBuildFile; fileRef = 6505090F213A82EA00D94AC7 /* ChatappTests.swift */; };
		6505091B213A82EA00D94AC7 /* ChatappUITests.swift in Sources */ = {isa = PBXBuildFile; fileRef = 6505091A213A82EA00D94AC7 /* ChatappUITests.swift */; };
		65608B6D21478CF400DC5FEF /* Animatedtabbar.swift in Sources */ = {isa = PBXBuildFile; fileRef = 65608B6C21478CF400DC5FEF /* Animatedtabbar.swift */; };
		65A3CC372142BE5200C23EA1 /* NextViewController.swift in Sources */ = {isa = PBXBuildFile; fileRef = 65A3CC362142BE5200C23EA1 /* NextViewController.swift */; };
		65A3CC392144117100C23EA1 /* friendsviewcontroller.swift in Sources */ = {isa = PBXBuildFile; fileRef = 65A3CC382144117100C23EA1 /* friendsviewcontroller.swift */; };
		65A3CC3B2144118A00C23EA1 /* talkviewcontroller.swift in Sources */ = {isa = PBXBuildFile; fileRef = 65A3CC3A2144118A00C23EA1 /* talkviewcontroller.swift */; };
		65A3CC3D214411A600C23EA1 /* timelineviewcontroller.swift in Sources */ = {isa = PBXBuildFile; fileRef = 65A3CC3C214411A600C23EA1 /* timelineviewcontroller.swift */; };
		65A3CC3F214411CE00C23EA1 /* customizeviewcontroller.swift in Sources */ = {isa = PBXBuildFile; fileRef = 65A3CC3E214411CE00C23EA1 /* customizeviewcontroller.swift */; };
		65A3CC412144D2C000C23EA1 /* StartViewController.swift in Sources */ = {isa = PBXBuildFile; fileRef = 65A3CC402144D2C000C23EA1 /* StartViewController.swift */; };
		65A3CC4421451AAE00C23EA1 /* animation-w800-h800.json in Resources */ = {isa = PBXBuildFile; fileRef = 65A3CC4321451AAE00C23EA1 /* animation-w800-h800.json */; };
		65A3CC462146303800C23EA1 /* MessageViewController.swift in Sources */ = {isa = PBXBuildFile; fileRef = 65A3CC452146303700C23EA1 /* MessageViewController.swift */; };
		65A3CC482146974300C23EA1 /* GoogleService-Info.plist in Resources */ = {isa = PBXBuildFile; fileRef = 65A3CC472146974300C23EA1 /* GoogleService-Info.plist */; };
		65A3CC4A2146975000C23EA1 /* GoogleService-Info.plist in Resources */ = {isa = PBXBuildFile; fileRef = 65A3CC492146974F00C23EA1 /* GoogleService-Info.plist */; };
		65A3CC4C2146975A00C23EA1 /* GoogleService-Info.plist in Resources */ = {isa = PBXBuildFile; fileRef = 65A3CC4B2146975A00C23EA1 /* GoogleService-Info.plist */; };
		65A3CC4E2146994700C23EA1 /* SignupViewController.swift in Sources */ = {isa = PBXBuildFile; fileRef = 65A3CC4D2146994700C23EA1 /* SignupViewController.swift */; };
		65A3CC5021469EFD00C23EA1 /* LoginViewController.swift in Sources */ = {isa = PBXBuildFile; fileRef = 65A3CC4F21469EFD00C23EA1 /* LoginViewController.swift */; };
		7553DF29F63F3BCA48102655 /* Pods_ChatappTests.framework in Frameworks */ = {isa = PBXBuildFile; fileRef = 1F80BCDFF9D0F973971EFAA2 /* Pods_ChatappTests.framework */; };
		80D43ACF7B68C895F737D0C0 /* Pods_Chatapp.framework in Frameworks */ = {isa = PBXBuildFile; fileRef = 9332A41D4D9774AB868B3EC1 /* Pods_Chatapp.framework */; };
		C4AB4AD64E7F6AC76FF5189A /* Pods_ChatappUITests.framework in Frameworks */ = {isa = PBXBuildFile; fileRef = 0AFF0229C88B7A4720EF2046 /* Pods_ChatappUITests.framework */; };
/* End PBXBuildFile section */

/* Begin PBXContainerItemProxy section */
		6505090C213A82EA00D94AC7 /* PBXContainerItemProxy */ = {
			isa = PBXContainerItemProxy;
			containerPortal = 650508EF213A82E900D94AC7 /* Project object */;
			proxyType = 1;
			remoteGlobalIDString = 650508F6213A82E900D94AC7;
			remoteInfo = Chatapp;
		};
		65050917213A82EA00D94AC7 /* PBXContainerItemProxy */ = {
			isa = PBXContainerItemProxy;
			containerPortal = 650508EF213A82E900D94AC7 /* Project object */;
			proxyType = 1;
			remoteGlobalIDString = 650508F6213A82E900D94AC7;
			remoteInfo = Chatapp;
		};
/* End PBXContainerItemProxy section */

/* Begin PBXFileReference section */
		0852D081604213F11742C5A5 /* Pods-ChatappTests.debug.xcconfig */ = {isa = PBXFileReference; includeInIndex = 1; lastKnownFileType = text.xcconfig; name = "Pods-ChatappTests.debug.xcconfig"; path = "Pods/Target Support Files/Pods-ChatappTests/Pods-ChatappTests.debug.xcconfig"; sourceTree = "<group>"; };
		0AFF0229C88B7A4720EF2046 /* Pods_ChatappUITests.framework */ = {isa = PBXFileReference; explicitFileType = wrapper.framework; includeInIndex = 0; path = Pods_ChatappUITests.framework; sourceTree = BUILT_PRODUCTS_DIR; };
		1F80BCDFF9D0F973971EFAA2 /* Pods_ChatappTests.framework */ = {isa = PBXFileReference; explicitFileType = wrapper.framework; includeInIndex = 0; path = Pods_ChatappTests.framework; sourceTree = BUILT_PRODUCTS_DIR; };
		3370B1FBC9B67109D9665FE5 /* Pods-ChatappUITests.release.xcconfig */ = {isa = PBXFileReference; includeInIndex = 1; lastKnownFileType = text.xcconfig; name = "Pods-ChatappUITests.release.xcconfig"; path = "Pods/Target Support Files/Pods-ChatappUITests/Pods-ChatappUITests.release.xcconfig"; sourceTree = "<group>"; };
		650508F7213A82E900D94AC7 /* Chatapp.app */ = {isa = PBXFileReference; explicitFileType = wrapper.application; includeInIndex = 0; path = Chatapp.app; sourceTree = BUILT_PRODUCTS_DIR; };
		650508FA213A82E900D94AC7 /* AppDelegate.swift */ = {isa = PBXFileReference; lastKnownFileType = sourcecode.swift; path = AppDelegate.swift; sourceTree = "<group>"; };
		650508FC213A82E900D94AC7 /* ViewController.swift */ = {isa = PBXFileReference; lastKnownFileType = sourcecode.swift; path = ViewController.swift; sourceTree = "<group>"; };
		650508FF213A82E900D94AC7 /* Base */ = {isa = PBXFileReference; lastKnownFileType = file.storyboard; name = Base; path = Base.lproj/Main.storyboard; sourceTree = "<group>"; };
		65050901213A82EA00D94AC7 /* Assets.xcassets */ = {isa = PBXFileReference; lastKnownFileType = folder.assetcatalog; path = Assets.xcassets; sourceTree = "<group>"; };
		65050904213A82EA00D94AC7 /* Base */ = {isa = PBXFileReference; lastKnownFileType = file.storyboard; name = Base; path = Base.lproj/LaunchScreen.storyboard; sourceTree = "<group>"; };
		65050906213A82EA00D94AC7 /* Info.plist */ = {isa = PBXFileReference; lastKnownFileType = text.plist.xml; path = Info.plist; sourceTree = "<group>"; };
		6505090B213A82EA00D94AC7 /* ChatappTests.xctest */ = {isa = PBXFileReference; explicitFileType = wrapper.cfbundle; includeInIndex = 0; path = ChatappTests.xctest; sourceTree = BUILT_PRODUCTS_DIR; };
		6505090F213A82EA00D94AC7 /* ChatappTests.swift */ = {isa = PBXFileReference; lastKnownFileType = sourcecode.swift; path = ChatappTests.swift; sourceTree = "<group>"; };
		65050911213A82EA00D94AC7 /* Info.plist */ = {isa = PBXFileReference; lastKnownFileType = text.plist.xml; path = Info.plist; sourceTree = "<group>"; };
		65050916213A82EA00D94AC7 /* ChatappUITests.xctest */ = {isa = PBXFileReference; explicitFileType = wrapper.cfbundle; includeInIndex = 0; path = ChatappUITests.xctest; sourceTree = BUILT_PRODUCTS_DIR; };
		6505091A213A82EA00D94AC7 /* ChatappUITests.swift */ = {isa = PBXFileReference; lastKnownFileType = sourcecode.swift; path = ChatappUITests.swift; sourceTree = "<group>"; };
		6505091C213A82EA00D94AC7 /* Info.plist */ = {isa = PBXFileReference; lastKnownFileType = text.plist.xml; path = Info.plist; sourceTree = "<group>"; };
		650509282140C51C00D94AC7 /* Chatapp-Bridging-Header.h */ = {isa = PBXFileReference; lastKnownFileType = sourcecode.c.h; path = "Chatapp-Bridging-Header.h"; sourceTree = "<group>"; };
		65608B6C21478CF400DC5FEF /* Animatedtabbar.swift */ = {isa = PBXFileReference; lastKnownFileType = sourcecode.swift; path = Animatedtabbar.swift; sourceTree = "<group>"; };
		65A3CC362142BE5200C23EA1 /* NextViewController.swift */ = {isa = PBXFileReference; lastKnownFileType = sourcecode.swift; path = NextViewController.swift; sourceTree = "<group>"; };
		65A3CC382144117100C23EA1 /* friendsviewcontroller.swift */ = {isa = PBXFileReference; lastKnownFileType = sourcecode.swift; path = friendsviewcontroller.swift; sourceTree = "<group>"; };
		65A3CC3A2144118A00C23EA1 /* talkviewcontroller.swift */ = {isa = PBXFileReference; lastKnownFileType = sourcecode.swift; path = talkviewcontroller.swift; sourceTree = "<group>"; };
		65A3CC3C214411A600C23EA1 /* timelineviewcontroller.swift */ = {isa = PBXFileReference; lastKnownFileType = sourcecode.swift; path = timelineviewcontroller.swift; sourceTree = "<group>"; };
		65A3CC3E214411CE00C23EA1 /* customizeviewcontroller.swift */ = {isa = PBXFileReference; lastKnownFileType = sourcecode.swift; path = customizeviewcontroller.swift; sourceTree = "<group>"; };
		65A3CC402144D2C000C23EA1 /* StartViewController.swift */ = {isa = PBXFileReference; lastKnownFileType = sourcecode.swift; path = StartViewController.swift; sourceTree = "<group>"; };
		65A3CC4321451AAE00C23EA1 /* animation-w800-h800.json */ = {isa = PBXFileReference; fileEncoding = 4; lastKnownFileType = text.json; path = "animation-w800-h800.json"; sourceTree = "<group>"; };
		65A3CC452146303700C23EA1 /* MessageViewController.swift */ = {isa = PBXFileReference; lastKnownFileType = sourcecode.swift; path = MessageViewController.swift; sourceTree = "<group>"; };
		65A3CC472146974300C23EA1 /* GoogleService-Info.plist */ = {isa = PBXFileReference; fileEncoding = 4; lastKnownFileType = text.plist.xml; path = "GoogleService-Info.plist"; sourceTree = "<group>"; };
		65A3CC492146974F00C23EA1 /* GoogleService-Info.plist */ = {isa = PBXFileReference; fileEncoding = 4; lastKnownFileType = text.plist.xml; path = "GoogleService-Info.plist"; sourceTree = "<group>"; };
		65A3CC4B2146975A00C23EA1 /* GoogleService-Info.plist */ = {isa = PBXFileReference; fileEncoding = 4; lastKnownFileType = text.plist.xml; path = "GoogleService-Info.plist"; sourceTree = "<group>"; };
		65A3CC4D2146994700C23EA1 /* SignupViewController.swift */ = {isa = PBXFileReference; lastKnownFileType = sourcecode.swift; path = SignupViewController.swift; sourceTree = "<group>"; };
		65A3CC4F21469EFD00C23EA1 /* LoginViewController.swift */ = {isa = PBXFileReference; lastKnownFileType = sourcecode.swift; path = LoginViewController.swift; sourceTree = "<group>"; };
		66BA2829B8F7B96835E0A59C /* Pods-ChatappUITests.debug.xcconfig */ = {isa = PBXFileReference; includeInIndex = 1; lastKnownFileType = text.xcconfig; name = "Pods-ChatappUITests.debug.xcconfig"; path = "Pods/Target Support Files/Pods-ChatappUITests/Pods-ChatappUITests.debug.xcconfig"; sourceTree = "<group>"; };
		67287B093EA3326150D4C73C /* Pods-Chatapp.release.xcconfig */ = {isa = PBXFileReference; includeInIndex = 1; lastKnownFileType = text.xcconfig; name = "Pods-Chatapp.release.xcconfig"; path = "Pods/Target Support Files/Pods-Chatapp/Pods-Chatapp.release.xcconfig"; sourceTree = "<group>"; };
		9332A41D4D9774AB868B3EC1 /* Pods_Chatapp.framework */ = {isa = PBXFileReference; explicitFileType = wrapper.framework; includeInIndex = 0; path = Pods_Chatapp.framework; sourceTree = BUILT_PRODUCTS_DIR; };
		9946AE1279F6B6F15DA75EEB /* Pods-Chatapp.debug.xcconfig */ = {isa = PBXFileReference; includeInIndex = 1; lastKnownFileType = text.xcconfig; name = "Pods-Chatapp.debug.xcconfig"; path = "Pods/Target Support Files/Pods-Chatapp/Pods-Chatapp.debug.xcconfig"; sourceTree = "<group>"; };
		FBC94F3BE022E92F69160618 /* Pods-ChatappTests.release.xcconfig */ = {isa = PBXFileReference; includeInIndex = 1; lastKnownFileType = text.xcconfig; name = "Pods-ChatappTests.release.xcconfig"; path = "Pods/Target Support Files/Pods-ChatappTests/Pods-ChatappTests.release.xcconfig"; sourceTree = "<group>"; };
/* End PBXFileReference section */

/* Begin PBXFrameworksBuildPhase section */
		650508F4213A82E900D94AC7 /* Frameworks */ = {
			isa = PBXFrameworksBuildPhase;
			buildActionMask = 2147483647;
			files = (
				80D43ACF7B68C895F737D0C0 /* Pods_Chatapp.framework in Frameworks */,
			);
			runOnlyForDeploymentPostprocessing = 0;
		};
		65050908213A82EA00D94AC7 /* Frameworks */ = {
			isa = PBXFrameworksBuildPhase;
			buildActionMask = 2147483647;
			files = (
				7553DF29F63F3BCA48102655 /* Pods_ChatappTests.framework in Frameworks */,
			);
			runOnlyForDeploymentPostprocessing = 0;
		};
		65050913213A82EA00D94AC7 /* Frameworks */ = {
			isa = PBXFrameworksBuildPhase;
			buildActionMask = 2147483647;
			files = (
				C4AB4AD64E7F6AC76FF5189A /* Pods_ChatappUITests.framework in Frameworks */,
			);
			runOnlyForDeploymentPostprocessing = 0;
		};
/* End PBXFrameworksBuildPhase section */

/* Begin PBXGroup section */
		05DC33437196B4C4CE5D3CBF /* Frameworks */ = {
			isa = PBXGroup;
			children = (
				9332A41D4D9774AB868B3EC1 /* Pods_Chatapp.framework */,
				1F80BCDFF9D0F973971EFAA2 /* Pods_ChatappTests.framework */,
				0AFF0229C88B7A4720EF2046 /* Pods_ChatappUITests.framework */,
			);
			name = Frameworks;
			sourceTree = "<group>";
		};
		650508EE213A82E900D94AC7 = {
			isa = PBXGroup;
			children = (
				650509282140C51C00D94AC7 /* Chatapp-Bridging-Header.h */,
				650508F9213A82E900D94AC7 /* Chatapp */,
				6505090E213A82EA00D94AC7 /* ChatappTests */,
				65050919213A82EA00D94AC7 /* ChatappUITests */,
				650508F8213A82E900D94AC7 /* Products */,
				666F85DC94C48CD4F1376D0F /* Pods */,
				05DC33437196B4C4CE5D3CBF /* Frameworks */,
			);
			sourceTree = "<group>";
		};
		650508F8213A82E900D94AC7 /* Products */ = {
			isa = PBXGroup;
			children = (
				650508F7213A82E900D94AC7 /* Chatapp.app */,
				6505090B213A82EA00D94AC7 /* ChatappTests.xctest */,
				65050916213A82EA00D94AC7 /* ChatappUITests.xctest */,
			);
			name = Products;
			sourceTree = "<group>";
		};
		650508F9213A82E900D94AC7 /* Chatapp */ = {
			isa = PBXGroup;
			children = (
				65A3CC4221451A8700C23EA1 /* imag */,
				650508FA213A82E900D94AC7 /* AppDelegate.swift */,
				650508FC213A82E900D94AC7 /* ViewController.swift */,
				650508FE213A82E900D94AC7 /* Main.storyboard */,
				65050901213A82EA00D94AC7 /* Assets.xcassets */,
				65050903213A82EA00D94AC7 /* LaunchScreen.storyboard */,
				65050906213A82EA00D94AC7 /* Info.plist */,
				65A3CC362142BE5200C23EA1 /* NextViewController.swift */,
				65A3CC382144117100C23EA1 /* friendsviewcontroller.swift */,
				65A3CC3A2144118A00C23EA1 /* talkviewcontroller.swift */,
				65A3CC3C214411A600C23EA1 /* timelineviewcontroller.swift */,
				65A3CC3E214411CE00C23EA1 /* customizeviewcontroller.swift */,
				65A3CC402144D2C000C23EA1 /* StartViewController.swift */,
				65A3CC452146303700C23EA1 /* MessageViewController.swift */,
				65A3CC472146974300C23EA1 /* GoogleService-Info.plist */,
				65A3CC4D2146994700C23EA1 /* SignupViewController.swift */,
				65A3CC4F21469EFD00C23EA1 /* LoginViewController.swift */,
				65608B6C21478CF400DC5FEF /* Animatedtabbar.swift */,
			);
			path = Chatapp;
			sourceTree = "<group>";
		};
		6505090E213A82EA00D94AC7 /* ChatappTests */ = {
			isa = PBXGroup;
			children = (
				6505090F213A82EA00D94AC7 /* ChatappTests.swift */,
				65050911213A82EA00D94AC7 /* Info.plist */,
				65A3CC492146974F00C23EA1 /* GoogleService-Info.plist */,
			);
			path = ChatappTests;
			sourceTree = "<group>";
		};
		65050919213A82EA00D94AC7 /* ChatappUITests */ = {
			isa = PBXGroup;
			children = (
				6505091A213A82EA00D94AC7 /* ChatappUITests.swift */,
				6505091C213A82EA00D94AC7 /* Info.plist */,
				65A3CC4B2146975A00C23EA1 /* GoogleService-Info.plist */,
			);
			path = ChatappUITests;
			sourceTree = "<group>";
		};
		65A3CC4221451A8700C23EA1 /* imag */ = {
			isa = PBXGroup;
			children = (
				65A3CC4321451AAE00C23EA1 /* animation-w800-h800.json */,
			);
			path = imag;
			sourceTree = "<group>";
		};
		666F85DC94C48CD4F1376D0F /* Pods */ = {
			isa = PBXGroup;
			children = (
				9946AE1279F6B6F15DA75EEB /* Pods-Chatapp.debug.xcconfig */,
				67287B093EA3326150D4C73C /* Pods-Chatapp.release.xcconfig */,
				0852D081604213F11742C5A5 /* Pods-ChatappTests.debug.xcconfig */,
				FBC94F3BE022E92F69160618 /* Pods-ChatappTests.release.xcconfig */,
				66BA2829B8F7B96835E0A59C /* Pods-ChatappUITests.debug.xcconfig */,
				3370B1FBC9B67109D9665FE5 /* Pods-ChatappUITests.release.xcconfig */,
			);
			name = Pods;
			sourceTree = "<group>";
		};
/* End PBXGroup section */

/* Begin PBXNativeTarget section */
		650508F6213A82E900D94AC7 /* Chatapp */ = {
			isa = PBXNativeTarget;
			buildConfigurationList = 6505091F213A82EA00D94AC7 /* Build configuration list for PBXNativeTarget "Chatapp" */;
			buildPhases = (
				F5993D4D7159ABD2EA55E69C /* [CP] Check Pods Manifest.lock */,
				650508F3213A82E900D94AC7 /* Sources */,
				650508F4213A82E900D94AC7 /* Frameworks */,
				650508F5213A82E900D94AC7 /* Resources */,
				1C5D7BFE913CB81668212B36 /* [CP] Embed Pods Frameworks */,
			);
			buildRules = (
			);
			dependencies = (
			);
			name = Chatapp;
			productName = Chatapp;
			productReference = 650508F7213A82E900D94AC7 /* Chatapp.app */;
			productType = "com.apple.product-type.application";
		};
		6505090A213A82EA00D94AC7 /* ChatappTests */ = {
			isa = PBXNativeTarget;
			buildConfigurationList = 65050922213A82EA00D94AC7 /* Build configuration list for PBXNativeTarget "ChatappTests" */;
			buildPhases = (
				B53BB6DBDEF6820E50051D88 /* [CP] Check Pods Manifest.lock */,
				65050907213A82EA00D94AC7 /* Sources */,
				65050908213A82EA00D94AC7 /* Frameworks */,
				65050909213A82EA00D94AC7 /* Resources */,
			);
			buildRules = (
			);
			dependencies = (
				6505090D213A82EA00D94AC7 /* PBXTargetDependency */,
			);
			name = ChatappTests;
			productName = ChatappTests;
			productReference = 6505090B213A82EA00D94AC7 /* ChatappTests.xctest */;
			productType = "com.apple.product-type.bundle.unit-test";
		};
		65050915213A82EA00D94AC7 /* ChatappUITests */ = {
			isa = PBXNativeTarget;
			buildConfigurationList = 65050925213A82EA00D94AC7 /* Build configuration list for PBXNativeTarget "ChatappUITests" */;
			buildPhases = (
				45C6B701591FD20E2DA4FF92 /* [CP] Check Pods Manifest.lock */,
				65050912213A82EA00D94AC7 /* Sources */,
				65050913213A82EA00D94AC7 /* Frameworks */,
				65050914213A82EA00D94AC7 /* Resources */,
			);
			buildRules = (
			);
			dependencies = (
				65050918213A82EA00D94AC7 /* PBXTargetDependency */,
			);
			name = ChatappUITests;
			productName = ChatappUITests;
			productReference = 65050916213A82EA00D94AC7 /* ChatappUITests.xctest */;
			productType = "com.apple.product-type.bundle.ui-testing";
		};
/* End PBXNativeTarget section */

/* Begin PBXProject section */
		650508EF213A82E900D94AC7 /* Project object */ = {
			isa = PBXProject;
			attributes = {
				LastSwiftUpdateCheck = 0940;
				LastUpgradeCheck = 0940;
				ORGANIZATIONNAME = nao;
				TargetAttributes = {
					650508F6213A82E900D94AC7 = {
						CreatedOnToolsVersion = 9.4.1;
					};
					6505090A213A82EA00D94AC7 = {
						CreatedOnToolsVersion = 9.4.1;
						TestTargetID = 650508F6213A82E900D94AC7;
					};
					65050915213A82EA00D94AC7 = {
						CreatedOnToolsVersion = 9.4.1;
						TestTargetID = 650508F6213A82E900D94AC7;
					};
				};
			};
			buildConfigurationList = 650508F2213A82E900D94AC7 /* Build configuration list for PBXProject "Chatapp" */;
			compatibilityVersion = "Xcode 9.3";
			developmentRegion = en;
			hasScannedForEncodings = 0;
			knownRegions = (
				en,
				Base,
			);
			mainGroup = 650508EE213A82E900D94AC7;
			productRefGroup = 650508F8213A82E900D94AC7 /* Products */;
			projectDirPath = "";
			projectRoot = "";
			targets = (
				650508F6213A82E900D94AC7 /* Chatapp */,
				6505090A213A82EA00D94AC7 /* ChatappTests */,
				65050915213A82EA00D94AC7 /* ChatappUITests */,
			);
		};
/* End PBXProject section */

/* Begin PBXResourcesBuildPhase section */
		650508F5213A82E900D94AC7 /* Resources */ = {
			isa = PBXResourcesBuildPhase;
			buildActionMask = 2147483647;
			files = (
				65050905213A82EA00D94AC7 /* LaunchScreen.storyboard in Resources */,
				65A3CC4421451AAE00C23EA1 /* animation-w800-h800.json in Resources */,
				65A3CC482146974300C23EA1 /* GoogleService-Info.plist in Resources */,
				65050902213A82EA00D94AC7 /* Assets.xcassets in Resources */,
				65050900213A82E900D94AC7 /* Main.storyboard in Resources */,
			);
			runOnlyForDeploymentPostprocessing = 0;
		};
		65050909213A82EA00D94AC7 /* Resources */ = {
			isa = PBXResourcesBuildPhase;
			buildActionMask = 2147483647;
			files = (
				65A3CC4A2146975000C23EA1 /* GoogleService-Info.plist in Resources */,
			);
			runOnlyForDeploymentPostprocessing = 0;
		};
		65050914213A82EA00D94AC7 /* Resources */ = {
			isa = PBXResourcesBuildPhase;
			buildActionMask = 2147483647;
			files = (
				65A3CC4C2146975A00C23EA1 /* GoogleService-Info.plist in Resources */,
			);
			runOnlyForDeploymentPostprocessing = 0;
		};
/* End PBXResourcesBuildPhase section */

/* Begin PBXShellScriptBuildPhase section */
		1C5D7BFE913CB81668212B36 /* [CP] Embed Pods Frameworks */ = {
			isa = PBXShellScriptBuildPhase;
			buildActionMask = 2147483647;
			files = (
			);
			inputPaths = (
				"${SRCROOT}/Pods/Target Support Files/Pods-Chatapp/Pods-Chatapp-frameworks.sh",
				"${BUILT_PRODUCTS_DIR}/Alamofire/Alamofire.framework",
				"${BUILT_PRODUCTS_DIR}/Bolts/Bolts.framework",
				"${BUILT_PRODUCTS_DIR}/FBSDKCoreKit/FBSDKCoreKit.framework",
				"${BUILT_PRODUCTS_DIR}/FBSDKLoginKit/FBSDKLoginKit.framework",
				"${BUILT_PRODUCTS_DIR}/FacebookCore/FacebookCore.framework",
				"${BUILT_PRODUCTS_DIR}/FacebookLogin/FacebookLogin.framework",
				"${BUILT_PRODUCTS_DIR}/GTMSessionFetcher/GTMSessionFetcher.framework",
				"${BUILT_PRODUCTS_DIR}/GoogleUtilities/GoogleUtilities.framework",
				"${BUILT_PRODUCTS_DIR}/Hero/Hero.framework",
				"${BUILT_PRODUCTS_DIR}/JSQMessagesViewController/JSQMessagesViewController.framework",
				"${BUILT_PRODUCTS_DIR}/JSQSystemSoundPlayer/JSQSystemSoundPlayer.framework",
				"${BUILT_PRODUCTS_DIR}/MDFInternationalization/MDFInternationalization.framework",
				"${BUILT_PRODUCTS_DIR}/MDFTextAccessibility/MDFTextAccessibility.framework",
				"${BUILT_PRODUCTS_DIR}/Material/Material.framework",
				"${BUILT_PRODUCTS_DIR}/MaterialComponents/MaterialComponents.framework",
				"${BUILT_PRODUCTS_DIR}/Motion/Motion.framework",
				"${BUILT_PRODUCTS_DIR}/MotionAnimator/MotionAnimator.framework",
				"${BUILT_PRODUCTS_DIR}/MotionInterchange/MotionInterchange.framework",
				"${BUILT_PRODUCTS_DIR}/MotionTransitioning/MotionTransitioning.framework",
				"${BUILT_PRODUCTS_DIR}/Persei/Persei.framework",
				"${BUILT_PRODUCTS_DIR}/RAMAnimatedTabBarController/RAMAnimatedTabBarController.framework",
				"${BUILT_PRODUCTS_DIR}/SWTableViewCell/SWTableViewCell.framework",
				"${BUILT_PRODUCTS_DIR}/SwiftyJSON/SwiftyJSON.framework",
				"${BUILT_PRODUCTS_DIR}/leveldb-library/leveldb.framework",
				"${BUILT_PRODUCTS_DIR}/lottie-ios/Lottie.framework",
				"${BUILT_PRODUCTS_DIR}/nanopb/nanopb.framework",
			);
			name = "[CP] Embed Pods Frameworks";
			outputPaths = (
				"${TARGET_BUILD_DIR}/${FRAMEWORKS_FOLDER_PATH}/Alamofire.framework",
				"${TARGET_BUILD_DIR}/${FRAMEWORKS_FOLDER_PATH}/Bolts.framework",
				"${TARGET_BUILD_DIR}/${FRAMEWORKS_FOLDER_PATH}/FBSDKCoreKit.framework",
				"${TARGET_BUILD_DIR}/${FRAMEWORKS_FOLDER_PATH}/FBSDKLoginKit.framework",
				"${TARGET_BUILD_DIR}/${FRAMEWORKS_FOLDER_PATH}/FacebookCore.framework",
				"${TARGET_BUILD_DIR}/${FRAMEWORKS_FOLDER_PATH}/FacebookLogin.framework",
				"${TARGET_BUILD_DIR}/${FRAMEWORKS_FOLDER_PATH}/GTMSessionFetcher.framework",
				"${TARGET_BUILD_DIR}/${FRAMEWORKS_FOLDER_PATH}/GoogleUtilities.framework",
				"${TARGET_BUILD_DIR}/${FRAMEWORKS_FOLDER_PATH}/Hero.framework",
				"${TARGET_BUILD_DIR}/${FRAMEWORKS_FOLDER_PATH}/JSQMessagesViewController.framework",
				"${TARGET_BUILD_DIR}/${FRAMEWORKS_FOLDER_PATH}/JSQSystemSoundPlayer.framework",
				"${TARGET_BUILD_DIR}/${FRAMEWORKS_FOLDER_PATH}/MDFInternationalization.framework",
				"${TARGET_BUILD_DIR}/${FRAMEWORKS_FOLDER_PATH}/MDFTextAccessibility.framework",
				"${TARGET_BUILD_DIR}/${FRAMEWORKS_FOLDER_PATH}/Material.framework",
				"${TARGET_BUILD_DIR}/${FRAMEWORKS_FOLDER_PATH}/MaterialComponents.framework",
				"${TARGET_BUILD_DIR}/${FRAMEWORKS_FOLDER_PATH}/Motion.framework",
				"${TARGET_BUILD_DIR}/${FRAMEWORKS_FOLDER_PATH}/MotionAnimator.framework",
				"${TARGET_BUILD_DIR}/${FRAMEWORKS_FOLDER_PATH}/MotionInterchange.framework",
				"${TARGET_BUILD_DIR}/${FRAMEWORKS_FOLDER_PATH}/MotionTransitioning.framework",
				"${TARGET_BUILD_DIR}/${FRAMEWORKS_FOLDER_PATH}/Persei.framework",
				"${TARGET_BUILD_DIR}/${FRAMEWORKS_FOLDER_PATH}/RAMAnimatedTabBarController.framework",
				"${TARGET_BUILD_DIR}/${FRAMEWORKS_FOLDER_PATH}/SWTableViewCell.framework",
				"${TARGET_BUILD_DIR}/${FRAMEWORKS_FOLDER_PATH}/SwiftyJSON.framework",
				"${TARGET_BUILD_DIR}/${FRAMEWORKS_FOLDER_PATH}/leveldb.framework",
				"${TARGET_BUILD_DIR}/${FRAMEWORKS_FOLDER_PATH}/Lottie.framework",
				"${TARGET_BUILD_DIR}/${FRAMEWORKS_FOLDER_PATH}/nanopb.framework",
			);
			runOnlyForDeploymentPostprocessing = 0;
			shellPath = /bin/sh;
			shellScript = "\"${SRCROOT}/Pods/Target Support Files/Pods-Chatapp/Pods-Chatapp-frameworks.sh\"\n";
			showEnvVarsInLog = 0;
		};
		45C6B701591FD20E2DA4FF92 /* [CP] Check Pods Manifest.lock */ = {
			isa = PBXShellScriptBuildPhase;
			buildActionMask = 2147483647;
			files = (
			);
			inputPaths = (
				"${PODS_PODFILE_DIR_PATH}/Podfile.lock",
				"${PODS_ROOT}/Manifest.lock",
			);
			name = "[CP] Check Pods Manifest.lock";
			outputPaths = (
				"$(DERIVED_FILE_DIR)/Pods-ChatappUITests-checkManifestLockResult.txt",
			);
			runOnlyForDeploymentPostprocessing = 0;
			shellPath = /bin/sh;
			shellScript = "diff \"${PODS_PODFILE_DIR_PATH}/Podfile.lock\" \"${PODS_ROOT}/Manifest.lock\" > /dev/null\nif [ $? != 0 ] ; then\n    # print error to STDERR\n    echo \"error: The sandbox is not in sync with the Podfile.lock. Run 'pod install' or update your CocoaPods installation.\" >&2\n    exit 1\nfi\n# This output is used by Xcode 'outputs' to avoid re-running this script phase.\necho \"SUCCESS\" > \"${SCRIPT_OUTPUT_FILE_0}\"\n";
			showEnvVarsInLog = 0;
		};
		B53BB6DBDEF6820E50051D88 /* [CP] Check Pods Manifest.lock */ = {
			isa = PBXShellScriptBuildPhase;
			buildActionMask = 2147483647;
			files = (
			);
			inputPaths = (
				"${PODS_PODFILE_DIR_PATH}/Podfile.lock",
				"${PODS_ROOT}/Manifest.lock",
			);
			name = "[CP] Check Pods Manifest.lock";
			outputPaths = (
				"$(DERIVED_FILE_DIR)/Pods-ChatappTests-checkManifestLockResult.txt",
			);
			runOnlyForDeploymentPostprocessing = 0;
			shellPath = /bin/sh;
			shellScript = "diff \"${PODS_PODFILE_DIR_PATH}/Podfile.lock\" \"${PODS_ROOT}/Manifest.lock\" > /dev/null\nif [ $? != 0 ] ; then\n    # print error to STDERR\n    echo \"error: The sandbox is not in sync with the Podfile.lock. Run 'pod install' or update your CocoaPods installation.\" >&2\n    exit 1\nfi\n# This output is used by Xcode 'outputs' to avoid re-running this script phase.\necho \"SUCCESS\" > \"${SCRIPT_OUTPUT_FILE_0}\"\n";
			showEnvVarsInLog = 0;
		};
		F5993D4D7159ABD2EA55E69C /* [CP] Check Pods Manifest.lock */ = {
			isa = PBXShellScriptBuildPhase;
			buildActionMask = 2147483647;
			files = (
			);
			inputPaths = (
				"${PODS_PODFILE_DIR_PATH}/Podfile.lock",
				"${PODS_ROOT}/Manifest.lock",
			);
			name = "[CP] Check Pods Manifest.lock";
			outputPaths = (
				"$(DERIVED_FILE_DIR)/Pods-Chatapp-checkManifestLockResult.txt",
			);
			runOnlyForDeploymentPostprocessing = 0;
			shellPath = /bin/sh;
			shellScript = "diff \"${PODS_PODFILE_DIR_PATH}/Podfile.lock\" \"${PODS_ROOT}/Manifest.lock\" > /dev/null\nif [ $? != 0 ] ; then\n    # print error to STDERR\n    echo \"error: The sandbox is not in sync with the Podfile.lock. Run 'pod install' or update your CocoaPods installation.\" >&2\n    exit 1\nfi\n# This output is used by Xcode 'outputs' to avoid re-running this script phase.\necho \"SUCCESS\" > \"${SCRIPT_OUTPUT_FILE_0}\"\n";
			showEnvVarsInLog = 0;
		};
/* End PBXShellScriptBuildPhase section */

/* Begin PBXSourcesBuildPhase section */
		650508F3213A82E900D94AC7 /* Sources */ = {
			isa = PBXSourcesBuildPhase;
			buildActionMask = 2147483647;
			files = (
				65A3CC3F214411CE00C23EA1 /* customizeviewcontroller.swift in Sources */,
				65A3CC462146303800C23EA1 /* MessageViewController.swift in Sources */,
				65A3CC4E2146994700C23EA1 /* SignupViewController.swift in Sources */,
				65A3CC412144D2C000C23EA1 /* StartViewController.swift in Sources */,
				65A3CC392144117100C23EA1 /* friendsviewcontroller.swift in Sources */,
				65A3CC3D214411A600C23EA1 /* timelineviewcontroller.swift in Sources */,
				650508FD213A82E900D94AC7 /* ViewController.swift in Sources */,
				65A3CC372142BE5200C23EA1 /* NextViewController.swift in Sources */,
				650508FB213A82E900D94AC7 /* AppDelegate.swift in Sources */,
				65A3CC3B2144118A00C23EA1 /* talkviewcontroller.swift in Sources */,
				65608B6D21478CF400DC5FEF /* Animatedtabbar.swift in Sources */,
				65A3CC5021469EFD00C23EA1 /* LoginViewController.swift in Sources */,
			);
			runOnlyForDeploymentPostprocessing = 0;
		};
		65050907213A82EA00D94AC7 /* Sources */ = {
			isa = PBXSourcesBuildPhase;
			buildActionMask = 2147483647;
			files = (
				65050910213A82EA00D94AC7 /* ChatappTests.swift in Sources */,
			);
			runOnlyForDeploymentPostprocessing = 0;
		};
		65050912213A82EA00D94AC7 /* Sources */ = {
			isa = PBXSourcesBuildPhase;
			buildActionMask = 2147483647;
			files = (
				6505091B213A82EA00D94AC7 /* ChatappUITests.swift in Sources */,
			);
			runOnlyForDeploymentPostprocessing = 0;
		};
/* End PBXSourcesBuildPhase section */

/* Begin PBXTargetDependency section */
		6505090D213A82EA00D94AC7 /* PBXTargetDependency */ = {
			isa = PBXTargetDependency;
			target = 650508F6213A82E900D94AC7 /* Chatapp */;
			targetProxy = 6505090C213A82EA00D94AC7 /* PBXContainerItemProxy */;
		};
		65050918213A82EA00D94AC7 /* PBXTargetDependency */ = {
			isa = PBXTargetDependency;
			target = 650508F6213A82E900D94AC7 /* Chatapp */;
			targetProxy = 65050917213A82EA00D94AC7 /* PBXContainerItemProxy */;
		};
/* End PBXTargetDependency section */

/* Begin PBXVariantGroup section */
		650508FE213A82E900D94AC7 /* Main.storyboard */ = {
			isa = PBXVariantGroup;
			children = (
				650508FF213A82E900D94AC7 /* Base */,
			);
			name = Main.storyboard;
			sourceTree = "<group>";
		};
		65050903213A82EA00D94AC7 /* LaunchScreen.storyboard */ = {
			isa = PBXVariantGroup;
			children = (
				65050904213A82EA00D94AC7 /* Base */,
			);
			name = LaunchScreen.storyboard;
			sourceTree = "<group>";
		};
/* End PBXVariantGroup section */

/* Begin XCBuildConfiguration section */
		6505091D213A82EA00D94AC7 /* Debug */ = {
			isa = XCBuildConfiguration;
			buildSettings = {
				ALWAYS_SEARCH_USER_PATHS = NO;
				CLANG_ANALYZER_NONNULL = YES;
				CLANG_ANALYZER_NUMBER_OBJECT_CONVERSION = YES_AGGRESSIVE;
				CLANG_CXX_LANGUAGE_STANDARD = "gnu++14";
				CLANG_CXX_LIBRARY = "libc++";
				CLANG_ENABLE_MODULES = YES;
				CLANG_ENABLE_OBJC_ARC = YES;
				CLANG_ENABLE_OBJC_WEAK = YES;
				CLANG_WARN_BLOCK_CAPTURE_AUTORELEASING = YES;
				CLANG_WARN_BOOL_CONVERSION = YES;
				CLANG_WARN_COMMA = YES;
				CLANG_WARN_CONSTANT_CONVERSION = YES;
				CLANG_WARN_DEPRECATED_OBJC_IMPLEMENTATIONS = YES;
				CLANG_WARN_DIRECT_OBJC_ISA_USAGE = YES_ERROR;
				CLANG_WARN_DOCUMENTATION_COMMENTS = YES;
				CLANG_WARN_EMPTY_BODY = YES;
				CLANG_WARN_ENUM_CONVERSION = YES;
				CLANG_WARN_INFINITE_RECURSION = YES;
				CLANG_WARN_INT_CONVERSION = YES;
				CLANG_WARN_NON_LITERAL_NULL_CONVERSION = YES;
				CLANG_WARN_OBJC_IMPLICIT_RETAIN_SELF = YES;
				CLANG_WARN_OBJC_LITERAL_CONVERSION = YES;
				CLANG_WARN_OBJC_ROOT_CLASS = YES_ERROR;
				CLANG_WARN_RANGE_LOOP_ANALYSIS = YES;
				CLANG_WARN_STRICT_PROTOTYPES = YES;
				CLANG_WARN_SUSPICIOUS_MOVE = YES;
				CLANG_WARN_UNGUARDED_AVAILABILITY = YES_AGGRESSIVE;
				CLANG_WARN_UNREACHABLE_CODE = YES;
				CLANG_WARN__DUPLICATE_METHOD_MATCH = YES;
				CODE_SIGN_IDENTITY = "iPhone Developer";
				COPY_PHASE_STRIP = NO;
				DEBUG_INFORMATION_FORMAT = dwarf;
				ENABLE_STRICT_OBJC_MSGSEND = YES;
				ENABLE_TESTABILITY = YES;
				GCC_C_LANGUAGE_STANDARD = gnu11;
				GCC_DYNAMIC_NO_PIC = NO;
				GCC_NO_COMMON_BLOCKS = YES;
				GCC_OPTIMIZATION_LEVEL = 0;
				GCC_PREPROCESSOR_DEFINITIONS = (
					"DEBUG=1",
					"$(inherited)",
				);
				GCC_WARN_64_TO_32_BIT_CONVERSION = YES;
				GCC_WARN_ABOUT_RETURN_TYPE = YES_ERROR;
				GCC_WARN_UNDECLARED_SELECTOR = YES;
				GCC_WARN_UNINITIALIZED_AUTOS = YES_AGGRESSIVE;
				GCC_WARN_UNUSED_FUNCTION = YES;
				GCC_WARN_UNUSED_VARIABLE = YES;
				IPHONEOS_DEPLOYMENT_TARGET = 11.4;
				MTL_ENABLE_DEBUG_INFO = YES;
				ONLY_ACTIVE_ARCH = YES;
				SDKROOT = iphoneos;
				SWIFT_ACTIVE_COMPILATION_CONDITIONS = DEBUG;
				SWIFT_OBJC_BRIDGING_HEADER = "Chatapp/Chatapp-Bridging-Header.h";
				SWIFT_OPTIMIZATION_LEVEL = "-Onone";
			};
			name = Debug;
		};
		6505091E213A82EA00D94AC7 /* Release */ = {
			isa = XCBuildConfiguration;
			buildSettings = {
				ALWAYS_SEARCH_USER_PATHS = NO;
				CLANG_ANALYZER_NONNULL = YES;
				CLANG_ANALYZER_NUMBER_OBJECT_CONVERSION = YES_AGGRESSIVE;
				CLANG_CXX_LANGUAGE_STANDARD = "gnu++14";
				CLANG_CXX_LIBRARY = "libc++";
				CLANG_ENABLE_MODULES = YES;
				CLANG_ENABLE_OBJC_ARC = YES;
				CLANG_ENABLE_OBJC_WEAK = YES;
				CLANG_WARN_BLOCK_CAPTURE_AUTORELEASING = YES;
				CLANG_WARN_BOOL_CONVERSION = YES;
				CLANG_WARN_COMMA = YES;
				CLANG_WARN_CONSTANT_CONVERSION = YES;
				CLANG_WARN_DEPRECATED_OBJC_IMPLEMENTATIONS = YES;
				CLANG_WARN_DIRECT_OBJC_ISA_USAGE = YES_ERROR;
				CLANG_WARN_DOCUMENTATION_COMMENTS = YES;
				CLANG_WARN_EMPTY_BODY = YES;
				CLANG_WARN_ENUM_CONVERSION = YES;
				CLANG_WARN_INFINITE_RECURSION = YES;
				CLANG_WARN_INT_CONVERSION = YES;
				CLANG_WARN_NON_LITERAL_NULL_CONVERSION = YES;
				CLANG_WARN_OBJC_IMPLICIT_RETAIN_SELF = YES;
				CLANG_WARN_OBJC_LITERAL_CONVERSION = YES;
				CLANG_WARN_OBJC_ROOT_CLASS = YES_ERROR;
				CLANG_WARN_RANGE_LOOP_ANALYSIS = YES;
				CLANG_WARN_STRICT_PROTOTYPES = YES;
				CLANG_WARN_SUSPICIOUS_MOVE = YES;
				CLANG_WARN_UNGUARDED_AVAILABILITY = YES_AGGRESSIVE;
				CLANG_WARN_UNREACHABLE_CODE = YES;
				CLANG_WARN__DUPLICATE_METHOD_MATCH = YES;
				CODE_SIGN_IDENTITY = "iPhone Developer";
				COPY_PHASE_STRIP = NO;
				DEBUG_INFORMATION_FORMAT = "dwarf-with-dsym";
				ENABLE_NS_ASSERTIONS = NO;
				ENABLE_STRICT_OBJC_MSGSEND = YES;
				GCC_C_LANGUAGE_STANDARD = gnu11;
				GCC_NO_COMMON_BLOCKS = YES;
				GCC_WARN_64_TO_32_BIT_CONVERSION = YES;
				GCC_WARN_ABOUT_RETURN_TYPE = YES_ERROR;
				GCC_WARN_UNDECLARED_SELECTOR = YES;
				GCC_WARN_UNINITIALIZED_AUTOS = YES_AGGRESSIVE;
				GCC_WARN_UNUSED_FUNCTION = YES;
				GCC_WARN_UNUSED_VARIABLE = YES;
				IPHONEOS_DEPLOYMENT_TARGET = 11.4;
				MTL_ENABLE_DEBUG_INFO = NO;
				SDKROOT = iphoneos;
				SWIFT_COMPILATION_MODE = wholemodule;
				SWIFT_OBJC_BRIDGING_HEADER = "Chatapp/Chatapp-Bridging-Header.h";
				SWIFT_OPTIMIZATION_LEVEL = "-O";
				VALIDATE_PRODUCT = YES;
			};
			name = Release;
		};
		65050920213A82EA00D94AC7 /* Debug */ = {
			isa = XCBuildConfiguration;
			baseConfigurationReference = 9946AE1279F6B6F15DA75EEB /* Pods-Chatapp.debug.xcconfig */;
			buildSettings = {
				ASSETCATALOG_COMPILER_APPICON_NAME = AppIcon;
				CODE_SIGN_STYLE = Automatic;
				DEVELOPMENT_TEAM = HBSQL85JDW;
				INFOPLIST_FILE = Chatapp/Info.plist;
				IPHONEOS_DEPLOYMENT_TARGET = 11.4;
				LD_RUNPATH_SEARCH_PATHS = (
					"$(inherited)",
					"@executable_path/Frameworks",
				);
				PRODUCT_BUNDLE_IDENTIFIER = com.nao.Chatapp;
				PRODUCT_NAME = "$(TARGET_NAME)";
				SWIFT_OBJC_BRIDGING_HEADER = "";
				SWIFT_VERSION = 4.0;
				TARGETED_DEVICE_FAMILY = "1,2";
			};
			name = Debug;
		};
		65050921213A82EA00D94AC7 /* Release */ = {
			isa = XCBuildConfiguration;
			baseConfigurationReference = 67287B093EA3326150D4C73C /* Pods-Chatapp.release.xcconfig */;
			buildSettings = {
				ASSETCATALOG_COMPILER_APPICON_NAME = AppIcon;
				CODE_SIGN_STYLE = Automatic;
				DEVELOPMENT_TEAM = HBSQL85JDW;
				INFOPLIST_FILE = Chatapp/Info.plist;
				IPHONEOS_DEPLOYMENT_TARGET = 11.4;
				LD_RUNPATH_SEARCH_PATHS = (
					"$(inherited)",
					"@executable_path/Frameworks",
				);
				PRODUCT_BUNDLE_IDENTIFIER = com.nao.Chatapp;
				PRODUCT_NAME = "$(TARGET_NAME)";
				SWIFT_OBJC_BRIDGING_HEADER = "";
				SWIFT_VERSION = 4.0;
				TARGETED_DEVICE_FAMILY = "1,2";
			};
			name = Release;
		};
		65050923213A82EA00D94AC7 /* Debug */ = {
			isa = XCBuildConfiguration;
			baseConfigurationReference = 0852D081604213F11742C5A5 /* Pods-ChatappTests.debug.xcconfig */;
			buildSettings = {
				ALWAYS_EMBED_SWIFT_STANDARD_LIBRARIES = YES;
				BUNDLE_LOADER = "$(TEST_HOST)";
				CODE_SIGN_STYLE = Automatic;
				DEVELOPMENT_TEAM = HBSQL85JDW;
				INFOPLIST_FILE = ChatappTests/Info.plist;
				LD_RUNPATH_SEARCH_PATHS = (
					"$(inherited)",
					"@executable_path/Frameworks",
					"@loader_path/Frameworks",
				);
				PRODUCT_BUNDLE_IDENTIFIER = com.nao.ChatappTests;
				PRODUCT_NAME = "$(TARGET_NAME)";
				SWIFT_VERSION = 4.0;
				TARGETED_DEVICE_FAMILY = "1,2";
				TEST_HOST = "$(BUILT_PRODUCTS_DIR)/Chatapp.app/Chatapp";
			};
			name = Debug;
		};
		65050924213A82EA00D94AC7 /* Release */ = {
			isa = XCBuildConfiguration;
			baseConfigurationReference = FBC94F3BE022E92F69160618 /* Pods-ChatappTests.release.xcconfig */;
			buildSettings = {
				ALWAYS_EMBED_SWIFT_STANDARD_LIBRARIES = YES;
				BUNDLE_LOADER = "$(TEST_HOST)";
				CODE_SIGN_STYLE = Automatic;
				DEVELOPMENT_TEAM = HBSQL85JDW;
				INFOPLIST_FILE = ChatappTests/Info.plist;
				LD_RUNPATH_SEARCH_PATHS = (
					"$(inherited)",
					"@executable_path/Frameworks",
					"@loader_path/Frameworks",
				);
				PRODUCT_BUNDLE_IDENTIFIER = com.nao.ChatappTests;
				PRODUCT_NAME = "$(TARGET_NAME)";
				SWIFT_VERSION = 4.0;
				TARGETED_DEVICE_FAMILY = "1,2";
				TEST_HOST = "$(BUILT_PRODUCTS_DIR)/Chatapp.app/Chatapp";
			};
			name = Release;
		};
		65050926213A82EA00D94AC7 /* Debug */ = {
			isa = XCBuildConfiguration;
			baseConfigurationReference = 66BA2829B8F7B96835E0A59C /* Pods-ChatappUITests.debug.xcconfig */;
			buildSettings = {
				ALWAYS_EMBED_SWIFT_STANDARD_LIBRARIES = YES;
				CODE_SIGN_STYLE = Automatic;
				DEVELOPMENT_TEAM = HBSQL85JDW;
				INFOPLIST_FILE = ChatappUITests/Info.plist;
				LD_RUNPATH_SEARCH_PATHS = (
					"$(inherited)",
					"@executable_path/Frameworks",
					"@loader_path/Frameworks",
				);
				PRODUCT_BUNDLE_IDENTIFIER = com.nao.ChatappUITests;
				PRODUCT_NAME = "$(TARGET_NAME)";
				SWIFT_VERSION = 4.0;
				TARGETED_DEVICE_FAMILY = "1,2";
				TEST_TARGET_NAME = Chatapp;
			};
			name = Debug;
		};
		65050927213A82EA00D94AC7 /* Release */ = {
			isa = XCBuildConfiguration;
			baseConfigurationReference = 3370B1FBC9B67109D9665FE5 /* Pods-ChatappUITests.release.xcconfig */;
			buildSettings = {
				ALWAYS_EMBED_SWIFT_STANDARD_LIBRARIES = YES;
				CODE_SIGN_STYLE = Automatic;
				DEVELOPMENT_TEAM = HBSQL85JDW;
				INFOPLIST_FILE = ChatappUITests/Info.plist;
				LD_RUNPATH_SEARCH_PATHS = (
					"$(inherited)",
					"@executable_path/Frameworks",
					"@loader_path/Frameworks",
				);
				PRODUCT_BUNDLE_IDENTIFIER = com.nao.ChatappUITests;
				PRODUCT_NAME = "$(TARGET_NAME)";
				SWIFT_VERSION = 4.0;
				TARGETED_DEVICE_FAMILY = "1,2";
				TEST_TARGET_NAME = Chatapp;
			};
			name = Release;
		};
/* End XCBuildConfiguration section */

/* Begin XCConfigurationList section */
		650508F2213A82E900D94AC7 /* Build configuration list for PBXProject "Chatapp" */ = {
			isa = XCConfigurationList;
			buildConfigurations = (
				6505091D213A82EA00D94AC7 /* Debug */,
				6505091E213A82EA00D94AC7 /* Release */,
			);
			defaultConfigurationIsVisible = 0;
			defaultConfigurationName = Release;
		};
		6505091F213A82EA00D94AC7 /* Build configuration list for PBXNativeTarget "Chatapp" */ = {
			isa = XCConfigurationList;
			buildConfigurations = (
				65050920213A82EA00D94AC7 /* Debug */,
				65050921213A82EA00D94AC7 /* Release */,
			);
			defaultConfigurationIsVisible = 0;
			defaultConfigurationName = Release;
		};
		65050922213A82EA00D94AC7 /* Build configuration list for PBXNativeTarget "ChatappTests" */ = {
			isa = XCConfigurationList;
			buildConfigurations = (
				65050923213A82EA00D94AC7 /* Debug */,
				65050924213A82EA00D94AC7 /* Release */,
			);
			defaultConfigurationIsVisible = 0;
			defaultConfigurationName = Release;
		};
		65050925213A82EA00D94AC7 /* Build configuration list for PBXNativeTarget "ChatappUITests" */ = {
			isa = XCConfigurationList;
			buildConfigurations = (
				65050926213A82EA00D94AC7 /* Debug */,
				65050927213A82EA00D94AC7 /* Release */,
			);
			defaultConfigurationIsVisible = 0;
			defaultConfigurationName = Release;
		};
/* End XCConfigurationList section */
	};
	rootObject = 650508EF213A82E900D94AC7 /* Project object */;
}
